
Microsoft Visual Studio Solution File, Format Version 12.00
# Visual Studio Version 17
VisualStudioVersion = 17.11.35327.3
MinimumVisualStudioVersion = 10.0.40219.1
Project("{FAE04EC0-301F-11D3-BF4B-00C04F79EFBC}") = "WordLoopWiz", "WordLoopWiz\WordLoopWiz.csproj", "{7D3C5C18-D326-4DA4-8E5C-B69FA8492BE0}"
EndProject
Global
	GlobalSection(SolutionConfigurationPlatforms) = preSolution
		Debug|Any CPU = Debug|Any CPU
		Release|Any CPU = Release|Any CPU
	EndGlobalSection
	GlobalSection(ProjectConfigurationPlatforms) = postSolution
		{7D3C5C18-D326-4DA4-8E5C-B69FA8492BE0}.Debug|Any CPU.ActiveCfg = Debug|Any CPU
		{7D3C5C18-D326-4DA4-8E5C-B69FA8492BE0}.Debug|Any CPU.Build.0 = Debug|Any CPU
		{7D3C5C18-D326-4DA4-8E5C-B69FA8492BE0}.Release|Any CPU.ActiveCfg = Release|Any CPU
		{7D3C5C18-D326-4DA4-8E5C-B69FA8492BE0}.Release|Any CPU.Build.0 = Release|Any CPU
	EndGlobalSection
	GlobalSection(SolutionProperties) = preSolution
		HideSolutionNode = FALSE
	EndGlobalSection
	GlobalSection(ExtensibilityGlobals) = postSolution
		SolutionGuid = {DEFC5AC7-3049-4B93-8CF9-3A9B732D960D}
	EndGlobalSection
EndGlobal
